
Microsoft Visual Studio Solution File, Format Version 12.00
# Visual Studio Version 17
VisualStudioVersion = 17.4.33403.182
MinimumVisualStudioVersion = 10.0.40219.1
Project("{FAE04EC0-301F-11D3-BF4B-00C04F79EFBC}") = "Dogs.WebApi", "Dogs.WebApi.csproj", "{CBDF0BC0-6BA0-4925-9F37-5B03944B0621}"
EndProject
Global
	GlobalSection(SolutionConfigurationPlatforms) = preSolution
		Debug|Any CPU = Debug|Any CPU
		Release|Any CPU = Release|Any CPU
	EndGlobalSection
	GlobalSection(ProjectConfigurationPlatforms) = postSolution
		{CBDF0BC0-6BA0-4925-9F37-5B03944B0621}.Debug|Any CPU.ActiveCfg = Debug|Any CPU
		{CBDF0BC0-6BA0-4925-9F37-5B03944B0621}.Debug|Any CPU.Build.0 = Debug|Any CPU
		{CBDF0BC0-6BA0-4925-9F37-5B03944B0621}.Release|Any CPU.ActiveCfg = Release|Any CPU
		{CBDF0BC0-6BA0-4925-9F37-5B03944B0621}.Release|Any CPU.Build.0 = Release|Any CPU
	EndGlobalSection
	GlobalSection(SolutionProperties) = preSolution
		HideSolutionNode = FALSE
	EndGlobalSection
	GlobalSection(ExtensibilityGlobals) = postSolution
		SolutionGuid = {6DE04353-3FF5-4CD5-AEA5-957EA30DD396}
	EndGlobalSection
EndGlobal
